
Microsoft Visual Studio Solution File, Format Version 12.00
# Visual Studio 2013
VisualStudioVersion = 12.0.31101.0
MinimumVisualStudioVersion = 10.0.40219.1
Project("{FAE04EC0-301F-11D3-BF4B-00C04F79EFBC}") = "DoWhileStatement", "DoWhileStatement\DoWhileStatement.csproj", "{D75FD137-2A6D-497A-A3A8-2672DD6A80FB}"
EndProject
Global
	GlobalSection(SolutionConfigurationPlatforms) = preSolution
		Debug|Any CPU = Debug|Any CPU
		Release|Any CPU = Release|Any CPU
	EndGlobalSection
	GlobalSection(ProjectConfigurationPlatforms) = postSolution
		{D75FD137-2A6D-497A-A3A8-2672DD6A80FB}.Debug|Any CPU.ActiveCfg = Debug|Any CPU
		{D75FD137-2A6D-497A-A3A8-2672DD6A80FB}.Debug|Any CPU.Build.0 = Debug|Any CPU
		{D75FD137-2A6D-497A-A3A8-2672DD6A80FB}.Release|Any CPU.ActiveCfg = Release|Any CPU
		{D75FD137-2A6D-497A-A3A8-2672DD6A80FB}.Release|Any CPU.Build.0 = Release|Any CPU
	EndGlobalSection
	GlobalSection(SolutionProperties) = preSolution
		HideSolutionNode = FALSE
	EndGlobalSection
EndGlobal
