
Microsoft Visual Studio Solution File, Format Version 12.00
# Visual Studio 15
VisualStudioVersion = 15.0.27130.2003
MinimumVisualStudioVersion = 10.0.40219.1
Project("{FAE04EC0-301F-11D3-BF4B-00C04F79EFBC}") = "ConsoleAppClass", "ConsoleAppClass\ConsoleAppClass.csproj", "{246E5543-2417-4FFC-943C-74D9E025C00B}"
EndProject
Global
	GlobalSection(SolutionConfigurationPlatforms) = preSolution
		Debug|Any CPU = Debug|Any CPU
		Release|Any CPU = Release|Any CPU
	EndGlobalSection
	GlobalSection(ProjectConfigurationPlatforms) = postSolution
		{246E5543-2417-4FFC-943C-74D9E025C00B}.Debug|Any CPU.ActiveCfg = Debug|Any CPU
		{246E5543-2417-4FFC-943C-74D9E025C00B}.Debug|Any CPU.Build.0 = Debug|Any CPU
		{246E5543-2417-4FFC-943C-74D9E025C00B}.Release|Any CPU.ActiveCfg = Release|Any CPU
		{246E5543-2417-4FFC-943C-74D9E025C00B}.Release|Any CPU.Build.0 = Release|Any CPU
	EndGlobalSection
	GlobalSection(SolutionProperties) = preSolution
		HideSolutionNode = FALSE
	EndGlobalSection
	GlobalSection(ExtensibilityGlobals) = postSolution
		SolutionGuid = {BA75C0FD-37CA-4D71-A54F-65AF04EBDBD6}
	EndGlobalSection
EndGlobal
