
Microsoft Visual Studio Solution File, Format Version 12.00
# Visual Studio 2013
VisualStudioVersion = 12.0.31101.0
MinimumVisualStudioVersion = 10.0.40219.1
Project("{FAE04EC0-301F-11D3-BF4B-00C04F79EFBC}") = "TestApp", "TestApp\TestApp.csproj", "{6CAECC88-9C2A-4C9B-BD2B-7584B4C4C03E}"
EndProject
Project("{FAE04EC0-301F-11D3-BF4B-00C04F79EFBC}") = "UnitTestApp", "UnitTestApp\UnitTestApp.csproj", "{EDC4A733-94CE-4DE9-B7F8-40ADE0FF3042}"
EndProject
Global
	GlobalSection(SolutionConfigurationPlatforms) = preSolution
		Debug|Any CPU = Debug|Any CPU
		Release|Any CPU = Release|Any CPU
	EndGlobalSection
	GlobalSection(ProjectConfigurationPlatforms) = postSolution
		{6CAECC88-9C2A-4C9B-BD2B-7584B4C4C03E}.Debug|Any CPU.ActiveCfg = Debug|Any CPU
		{6CAECC88-9C2A-4C9B-BD2B-7584B4C4C03E}.Debug|Any CPU.Build.0 = Debug|Any CPU
		{6CAECC88-9C2A-4C9B-BD2B-7584B4C4C03E}.Release|Any CPU.ActiveCfg = Release|Any CPU
		{6CAECC88-9C2A-4C9B-BD2B-7584B4C4C03E}.Release|Any CPU.Build.0 = Release|Any CPU
		{EDC4A733-94CE-4DE9-B7F8-40ADE0FF3042}.Debug|Any CPU.ActiveCfg = Debug|Any CPU
		{EDC4A733-94CE-4DE9-B7F8-40ADE0FF3042}.Debug|Any CPU.Build.0 = Debug|Any CPU
		{EDC4A733-94CE-4DE9-B7F8-40ADE0FF3042}.Release|Any CPU.ActiveCfg = Release|Any CPU
		{EDC4A733-94CE-4DE9-B7F8-40ADE0FF3042}.Release|Any CPU.Build.0 = Release|Any CPU
	EndGlobalSection
	GlobalSection(SolutionProperties) = preSolution
		HideSolutionNode = FALSE
	EndGlobalSection
EndGlobal
