
Microsoft Visual Studio Solution File, Format Version 12.00
# Visual Studio 2012
Project("{FAE04EC0-301F-11D3-BF4B-00C04F79EFBC}") = "ConsoleApplication_test1", "ConsoleApplication_test1\ConsoleApplication_test1.csproj", "{826059D8-BE0B-4C1B-912B-2A4A4AD71200}"
EndProject
Global
	GlobalSection(SolutionConfigurationPlatforms) = preSolution
		Debug|Any CPU = Debug|Any CPU
		Release|Any CPU = Release|Any CPU
	EndGlobalSection
	GlobalSection(ProjectConfigurationPlatforms) = postSolution
		{826059D8-BE0B-4C1B-912B-2A4A4AD71200}.Debug|Any CPU.ActiveCfg = Debug|Any CPU
		{826059D8-BE0B-4C1B-912B-2A4A4AD71200}.Debug|Any CPU.Build.0 = Debug|Any CPU
		{826059D8-BE0B-4C1B-912B-2A4A4AD71200}.Release|Any CPU.ActiveCfg = Release|Any CPU
		{826059D8-BE0B-4C1B-912B-2A4A4AD71200}.Release|Any CPU.Build.0 = Release|Any CPU
	EndGlobalSection
	GlobalSection(SolutionProperties) = preSolution
		HideSolutionNode = FALSE
	EndGlobalSection
EndGlobal
