
Microsoft Visual Studio Solution File, Format Version 12.00
# Visual Studio 15
VisualStudioVersion = 15.0.27130.2024
MinimumVisualStudioVersion = 10.0.40219.1
Project("{FAE04EC0-301F-11D3-BF4B-00C04F79EFBC}") = "ReviewUnitTest", "ReviewUnitTest\ReviewUnitTest.csproj", "{126F9E90-083B-47B8-92C9-A8A066AE69DC}"
EndProject
Project("{FAE04EC0-301F-11D3-BF4B-00C04F79EFBC}") = "CsharpPractice", "CsharpPractice\CsharpPractice.csproj", "{6A3F84F4-CEA7-4298-A7B5-0A6245EDCA4D}"
EndProject
Global
	GlobalSection(SolutionConfigurationPlatforms) = preSolution
		Debug|Any CPU = Debug|Any CPU
		Release|Any CPU = Release|Any CPU
	EndGlobalSection
	GlobalSection(ProjectConfigurationPlatforms) = postSolution
		{126F9E90-083B-47B8-92C9-A8A066AE69DC}.Debug|Any CPU.ActiveCfg = Debug|Any CPU
		{126F9E90-083B-47B8-92C9-A8A066AE69DC}.Debug|Any CPU.Build.0 = Debug|Any CPU
		{126F9E90-083B-47B8-92C9-A8A066AE69DC}.Release|Any CPU.ActiveCfg = Release|Any CPU
		{126F9E90-083B-47B8-92C9-A8A066AE69DC}.Release|Any CPU.Build.0 = Release|Any CPU
		{6A3F84F4-CEA7-4298-A7B5-0A6245EDCA4D}.Debug|Any CPU.ActiveCfg = Debug|Any CPU
		{6A3F84F4-CEA7-4298-A7B5-0A6245EDCA4D}.Debug|Any CPU.Build.0 = Debug|Any CPU
		{6A3F84F4-CEA7-4298-A7B5-0A6245EDCA4D}.Release|Any CPU.ActiveCfg = Release|Any CPU
		{6A3F84F4-CEA7-4298-A7B5-0A6245EDCA4D}.Release|Any CPU.Build.0 = Release|Any CPU
	EndGlobalSection
	GlobalSection(SolutionProperties) = preSolution
		HideSolutionNode = FALSE
	EndGlobalSection
	GlobalSection(ExtensibilityGlobals) = postSolution
		SolutionGuid = {66C826C4-B807-45C7-A695-3D1256C6E6AB}
	EndGlobalSection
EndGlobal
