
Microsoft Visual Studio Solution File, Format Version 12.00
# Visual Studio 15
VisualStudioVersion = 15.0.27428.2015
MinimumVisualStudioVersion = 10.0.40219.1
Project("{FAE04EC0-301F-11D3-BF4B-00C04F79EFBC}") = "InterfaceComparision", "InterfaceComparision\InterfaceComparision.csproj", "{BE829B8A-3FCB-4963-B854-92B7459FF938}"
EndProject
Global
	GlobalSection(SolutionConfigurationPlatforms) = preSolution
		Debug|Any CPU = Debug|Any CPU
		Release|Any CPU = Release|Any CPU
	EndGlobalSection
	GlobalSection(ProjectConfigurationPlatforms) = postSolution
		{BE829B8A-3FCB-4963-B854-92B7459FF938}.Debug|Any CPU.ActiveCfg = Debug|Any CPU
		{BE829B8A-3FCB-4963-B854-92B7459FF938}.Debug|Any CPU.Build.0 = Debug|Any CPU
		{BE829B8A-3FCB-4963-B854-92B7459FF938}.Release|Any CPU.ActiveCfg = Release|Any CPU
		{BE829B8A-3FCB-4963-B854-92B7459FF938}.Release|Any CPU.Build.0 = Release|Any CPU
	EndGlobalSection
	GlobalSection(SolutionProperties) = preSolution
		HideSolutionNode = FALSE
	EndGlobalSection
	GlobalSection(ExtensibilityGlobals) = postSolution
		SolutionGuid = {5EFD9CBF-962B-4D4C-9FC6-A39EDD043AD2}
	EndGlobalSection
EndGlobal
