
Microsoft Visual Studio Solution File, Format Version 12.00
# Visual Studio 15
VisualStudioVersion = 15.0.27428.2005
MinimumVisualStudioVersion = 10.0.40219.1
Project("{FAE04EC0-301F-11D3-BF4B-00C04F79EFBC}") = "Inheritance", "Inheritance\Inheritance.csproj", "{1FC802B9-4457-47FA-8864-813351E7A461}"
EndProject
Global
	GlobalSection(SolutionConfigurationPlatforms) = preSolution
		Debug|Any CPU = Debug|Any CPU
		Release|Any CPU = Release|Any CPU
	EndGlobalSection
	GlobalSection(ProjectConfigurationPlatforms) = postSolution
		{1FC802B9-4457-47FA-8864-813351E7A461}.Debug|Any CPU.ActiveCfg = Debug|Any CPU
		{1FC802B9-4457-47FA-8864-813351E7A461}.Debug|Any CPU.Build.0 = Debug|Any CPU
		{1FC802B9-4457-47FA-8864-813351E7A461}.Release|Any CPU.ActiveCfg = Release|Any CPU
		{1FC802B9-4457-47FA-8864-813351E7A461}.Release|Any CPU.Build.0 = Release|Any CPU
	EndGlobalSection
	GlobalSection(SolutionProperties) = preSolution
		HideSolutionNode = FALSE
	EndGlobalSection
	GlobalSection(ExtensibilityGlobals) = postSolution
		SolutionGuid = {4D1AD824-D498-4A02-A764-BB7500393D13}
	EndGlobalSection
EndGlobal
