
Microsoft Visual Studio Solution File, Format Version 12.00
# Visual Studio 15
VisualStudioVersion = 15.0.27703.2042
MinimumVisualStudioVersion = 10.0.40219.1
Project("{FAE04EC0-301F-11D3-BF4B-00C04F79EFBC}") = "CarbonFootprint", "CarbonFootprint\CarbonFootprint.csproj", "{8C5B35D3-1E15-4B8B-A6DE-A584C35692C6}"
EndProject
Global
	GlobalSection(SolutionConfigurationPlatforms) = preSolution
		Debug|Any CPU = Debug|Any CPU
		Release|Any CPU = Release|Any CPU
	EndGlobalSection
	GlobalSection(ProjectConfigurationPlatforms) = postSolution
		{8C5B35D3-1E15-4B8B-A6DE-A584C35692C6}.Debug|Any CPU.ActiveCfg = Debug|Any CPU
		{8C5B35D3-1E15-4B8B-A6DE-A584C35692C6}.Debug|Any CPU.Build.0 = Debug|Any CPU
		{8C5B35D3-1E15-4B8B-A6DE-A584C35692C6}.Release|Any CPU.ActiveCfg = Release|Any CPU
		{8C5B35D3-1E15-4B8B-A6DE-A584C35692C6}.Release|Any CPU.Build.0 = Release|Any CPU
	EndGlobalSection
	GlobalSection(SolutionProperties) = preSolution
		HideSolutionNode = FALSE
	EndGlobalSection
	GlobalSection(ExtensibilityGlobals) = postSolution
		SolutionGuid = {964FB219-AC99-4812-A518-A3F7CC5A52FF}
	EndGlobalSection
EndGlobal
