
Microsoft Visual Studio Solution File, Format Version 12.00
# Visual Studio 2013
VisualStudioVersion = 12.0.31101.0
MinimumVisualStudioVersion = 10.0.40219.1
Project("{FAE04EC0-301F-11D3-BF4B-00C04F79EFBC}") = "ForStatements", "ForStatements\ForStatements.csproj", "{DEF2424A-5E65-4E30-9A94-16E105C20B7D}"
EndProject
Global
	GlobalSection(SolutionConfigurationPlatforms) = preSolution
		Debug|Any CPU = Debug|Any CPU
		Release|Any CPU = Release|Any CPU
	EndGlobalSection
	GlobalSection(ProjectConfigurationPlatforms) = postSolution
		{DEF2424A-5E65-4E30-9A94-16E105C20B7D}.Debug|Any CPU.ActiveCfg = Debug|Any CPU
		{DEF2424A-5E65-4E30-9A94-16E105C20B7D}.Debug|Any CPU.Build.0 = Debug|Any CPU
		{DEF2424A-5E65-4E30-9A94-16E105C20B7D}.Release|Any CPU.ActiveCfg = Release|Any CPU
		{DEF2424A-5E65-4E30-9A94-16E105C20B7D}.Release|Any CPU.Build.0 = Release|Any CPU
	EndGlobalSection
	GlobalSection(SolutionProperties) = preSolution
		HideSolutionNode = FALSE
	EndGlobalSection
EndGlobal
