
Microsoft Visual Studio Solution File, Format Version 12.00
# Visual Studio 14
VisualStudioVersion = 14.0.25420.1
MinimumVisualStudioVersion = 10.0.40219.1
Project("{FAE04EC0-301F-11D3-BF4B-00C04F79EFBC}") = "WinFormsTraining", "WinFormsTraining\WinFormsTraining.csproj", "{CF501067-784D-4F66-9AA4-7B902D3A0C39}"
EndProject
Project("{FAE04EC0-301F-11D3-BF4B-00C04F79EFBC}") = "WinFormsTraining.Tests", "WinFormsTraining.Tests\WinFormsTraining.Tests.csproj", "{A2BD9B18-74C9-4AE5-B494-69C2E01FF396}"
EndProject
Global
	GlobalSection(SolutionConfigurationPlatforms) = preSolution
		Debug|Any CPU = Debug|Any CPU
		Release|Any CPU = Release|Any CPU
	EndGlobalSection
	GlobalSection(ProjectConfigurationPlatforms) = postSolution
		{CF501067-784D-4F66-9AA4-7B902D3A0C39}.Debug|Any CPU.ActiveCfg = Debug|Any CPU
		{CF501067-784D-4F66-9AA4-7B902D3A0C39}.Debug|Any CPU.Build.0 = Debug|Any CPU
		{CF501067-784D-4F66-9AA4-7B902D3A0C39}.Release|Any CPU.ActiveCfg = Release|Any CPU
		{CF501067-784D-4F66-9AA4-7B902D3A0C39}.Release|Any CPU.Build.0 = Release|Any CPU
		{A2BD9B18-74C9-4AE5-B494-69C2E01FF396}.Debug|Any CPU.ActiveCfg = Debug|Any CPU
		{A2BD9B18-74C9-4AE5-B494-69C2E01FF396}.Debug|Any CPU.Build.0 = Debug|Any CPU
		{A2BD9B18-74C9-4AE5-B494-69C2E01FF396}.Release|Any CPU.ActiveCfg = Release|Any CPU
		{A2BD9B18-74C9-4AE5-B494-69C2E01FF396}.Release|Any CPU.Build.0 = Release|Any CPU
	EndGlobalSection
	GlobalSection(SolutionProperties) = preSolution
		HideSolutionNode = FALSE
	EndGlobalSection
EndGlobal
