
Microsoft Visual Studio Solution File, Format Version 12.00
# Visual Studio 15
VisualStudioVersion = 15.0.27130.2020
MinimumVisualStudioVersion = 10.0.40219.1
Project("{FAE04EC0-301F-11D3-BF4B-00C04F79EFBC}") = "HardwareStoreExample", "HardwareStoreExample\HardwareStoreExample.csproj", "{0BAEE617-AED5-4BF4-AFC0-F5C79CCCFD40}"
EndProject
Project("{FAE04EC0-301F-11D3-BF4B-00C04F79EFBC}") = "InvoiceTest", "InvoiceTest\InvoiceTest.csproj", "{DA34260D-3EA3-4883-9273-B790DC9ABA13}"
EndProject
Global
	GlobalSection(SolutionConfigurationPlatforms) = preSolution
		Debug|Any CPU = Debug|Any CPU
		Release|Any CPU = Release|Any CPU
	EndGlobalSection
	GlobalSection(ProjectConfigurationPlatforms) = postSolution
		{0BAEE617-AED5-4BF4-AFC0-F5C79CCCFD40}.Debug|Any CPU.ActiveCfg = Debug|Any CPU
		{0BAEE617-AED5-4BF4-AFC0-F5C79CCCFD40}.Debug|Any CPU.Build.0 = Debug|Any CPU
		{0BAEE617-AED5-4BF4-AFC0-F5C79CCCFD40}.Release|Any CPU.ActiveCfg = Release|Any CPU
		{0BAEE617-AED5-4BF4-AFC0-F5C79CCCFD40}.Release|Any CPU.Build.0 = Release|Any CPU
		{DA34260D-3EA3-4883-9273-B790DC9ABA13}.Debug|Any CPU.ActiveCfg = Debug|Any CPU
		{DA34260D-3EA3-4883-9273-B790DC9ABA13}.Debug|Any CPU.Build.0 = Debug|Any CPU
		{DA34260D-3EA3-4883-9273-B790DC9ABA13}.Release|Any CPU.ActiveCfg = Release|Any CPU
		{DA34260D-3EA3-4883-9273-B790DC9ABA13}.Release|Any CPU.Build.0 = Release|Any CPU
	EndGlobalSection
	GlobalSection(SolutionProperties) = preSolution
		HideSolutionNode = FALSE
	EndGlobalSection
	GlobalSection(ExtensibilityGlobals) = postSolution
		SolutionGuid = {32BF8DE0-4F39-4BD9-9E4D-4BB236ECB851}
	EndGlobalSection
EndGlobal
