
Microsoft Visual Studio Solution File, Format Version 12.00
# Visual Studio 14
VisualStudioVersion = 14.0.25420.1
MinimumVisualStudioVersion = 10.0.40219.1
Project("{FAE04EC0-301F-11D3-BF4B-00C04F79EFBC}") = "Kolos", "Kolos\Kolos.csproj", "{1674EED2-F549-4626-81A4-B3C7D1383AD5}"
EndProject
Project("{FAE04EC0-301F-11D3-BF4B-00C04F79EFBC}") = "DataLayer", "DataLayer\DataLayer.csproj", "{262A08A5-8220-422A-9418-EB4FCEDB1CDE}"
EndProject
Global
	GlobalSection(SolutionConfigurationPlatforms) = preSolution
		Debug|Any CPU = Debug|Any CPU
		Release|Any CPU = Release|Any CPU
	EndGlobalSection
	GlobalSection(ProjectConfigurationPlatforms) = postSolution
		{1674EED2-F549-4626-81A4-B3C7D1383AD5}.Debug|Any CPU.ActiveCfg = Debug|Any CPU
		{1674EED2-F549-4626-81A4-B3C7D1383AD5}.Debug|Any CPU.Build.0 = Debug|Any CPU
		{1674EED2-F549-4626-81A4-B3C7D1383AD5}.Release|Any CPU.ActiveCfg = Release|Any CPU
		{1674EED2-F549-4626-81A4-B3C7D1383AD5}.Release|Any CPU.Build.0 = Release|Any CPU
		{262A08A5-8220-422A-9418-EB4FCEDB1CDE}.Debug|Any CPU.ActiveCfg = Debug|Any CPU
		{262A08A5-8220-422A-9418-EB4FCEDB1CDE}.Debug|Any CPU.Build.0 = Debug|Any CPU
		{262A08A5-8220-422A-9418-EB4FCEDB1CDE}.Release|Any CPU.ActiveCfg = Release|Any CPU
		{262A08A5-8220-422A-9418-EB4FCEDB1CDE}.Release|Any CPU.Build.0 = Release|Any CPU
	EndGlobalSection
	GlobalSection(SolutionProperties) = preSolution
		HideSolutionNode = FALSE
	EndGlobalSection
EndGlobal
